
Microsoft Visual Studio Solution File, Format Version 12.00
# Visual Studio 14
VisualStudioVersion = 14.0.23107.0
MinimumVisualStudioVersion = 10.0.40219.1
Project("{FAE04EC0-301F-11D3-BF4B-00C04F79EFBC}") = "WCFConsole", "WCFConsole\WCFConsole.csproj", "{6A7738D5-AF8A-49C2-BEFF-9AFF7D629CA8}"
EndProject
Project("{FAE04EC0-301F-11D3-BF4B-00C04F79EFBC}") = "Host", "Host\Host.csproj", "{7172A002-B1E2-40B4-91C4-9291313C7B16}"
EndProject
Project("{FAE04EC0-301F-11D3-BF4B-00C04F79EFBC}") = "WindowsHost", "WindowsHost\WindowsHost.csproj", "{47171FAC-C56C-4582-9D55-C1DCB14FAC10}"
EndProject
Project("{FAE04EC0-301F-11D3-BF4B-00C04F79EFBC}") = "WindowsServiceHost", "WindowsServiceHost\WindowsServiceHost.csproj", "{8759C533-FB61-46AC-9F31-0C70EA451F21}"
EndProject
Global
	GlobalSection(SolutionConfigurationPlatforms) = preSolution
		Debug|Any CPU = Debug|Any CPU
		Release|Any CPU = Release|Any CPU
	EndGlobalSection
	GlobalSection(ProjectConfigurationPlatforms) = postSolution
		{6A7738D5-AF8A-49C2-BEFF-9AFF7D629CA8}.Debug|Any CPU.ActiveCfg = Debug|Any CPU
		{6A7738D5-AF8A-49C2-BEFF-9AFF7D629CA8}.Debug|Any CPU.Build.0 = Debug|Any CPU
		{6A7738D5-AF8A-49C2-BEFF-9AFF7D629CA8}.Release|Any CPU.ActiveCfg = Release|Any CPU
		{6A7738D5-AF8A-49C2-BEFF-9AFF7D629CA8}.Release|Any CPU.Build.0 = Release|Any CPU
		{7172A002-B1E2-40B4-91C4-9291313C7B16}.Debug|Any CPU.ActiveCfg = Debug|Any CPU
		{7172A002-B1E2-40B4-91C4-9291313C7B16}.Debug|Any CPU.Build.0 = Debug|Any CPU
		{7172A002-B1E2-40B4-91C4-9291313C7B16}.Release|Any CPU.ActiveCfg = Release|Any CPU
		{7172A002-B1E2-40B4-91C4-9291313C7B16}.Release|Any CPU.Build.0 = Release|Any CPU
		{47171FAC-C56C-4582-9D55-C1DCB14FAC10}.Debug|Any CPU.ActiveCfg = Debug|Any CPU
		{47171FAC-C56C-4582-9D55-C1DCB14FAC10}.Debug|Any CPU.Build.0 = Debug|Any CPU
		{47171FAC-C56C-4582-9D55-C1DCB14FAC10}.Release|Any CPU.ActiveCfg = Release|Any CPU
		{47171FAC-C56C-4582-9D55-C1DCB14FAC10}.Release|Any CPU.Build.0 = Release|Any CPU
		{8759C533-FB61-46AC-9F31-0C70EA451F21}.Debug|Any CPU.ActiveCfg = Debug|Any CPU
		{8759C533-FB61-46AC-9F31-0C70EA451F21}.Debug|Any CPU.Build.0 = Debug|Any CPU
		{8759C533-FB61-46AC-9F31-0C70EA451F21}.Release|Any CPU.ActiveCfg = Release|Any CPU
		{8759C533-FB61-46AC-9F31-0C70EA451F21}.Release|Any CPU.Build.0 = Release|Any CPU
	EndGlobalSection
	GlobalSection(SolutionProperties) = preSolution
		HideSolutionNode = FALSE
	EndGlobalSection
EndGlobal
